# THIS IS AN AUTOGENERATED FILE. DO NOT EDIT THIS FILE DIRECTLY.
# yarn lockfile v1


"@mongodb-js/saslprep@^1.1.9":
  version "1.2.0"
  resolved "https://registry.npmmirror.com/@mongodb-js/saslprep/-/saslprep-1.2.0.tgz"
  integrity sha512-+ywrb0AqkfaYuhHs6LxKWgqbh3I72EpEgESCw37o+9qPx9WTCkgDm2B+eMrwehGtHBWHFU4GXvnSCNiFhhausg==
  dependencies:
    sparse-bitfield "^3.0.3"

"@types/webidl-conversions@*":
  version "7.0.3"
  resolved "https://registry.npmmirror.com/@types/webidl-conversions/-/webidl-conversions-7.0.3.tgz"
  integrity sha512-CiJJvcRtIgzadHCYXw7dqEnMNRjhGZlYK05Mj9OyktqV8uVT8fD2BFOB7S1uwBE3Kj2Z+4UyPmFw/Ixgw/LAlA==

"@types/whatwg-url@^11.0.2":
  version "11.0.5"
  resolved "https://registry.npmmirror.com/@types/whatwg-url/-/whatwg-url-11.0.5.tgz"
  integrity sha512-coYR071JRaHa+xoEvvYqvnIHaVqaYrLPbsufM9BF63HkwI5Lgmy2QR8Q5K/lYDYo5AK82wOvSOS0UsLTpTG7uQ==
  dependencies:
    "@types/webidl-conversions" "*"

bson@^6.10.4:
  version "6.10.4"
  resolved "https://registry.npmmirror.com/bson/-/bson-6.10.4.tgz"
  integrity sha512-WIsKqkSC0ABoBJuT1LEX+2HEvNmNKKgnTAyd0fL8qzK4SH2i9NXg+t08YtdZp/V9IZ33cxe3iV4yM0qg8lMQng==

memory-pager@^1.0.2:
  version "1.5.0"
  resolved "https://registry.npmmirror.com/memory-pager/-/memory-pager-1.5.0.tgz"
  integrity sha512-ZS4Bp4r/Zoeq6+NLJpP+0Zzm0pR8whtGPf1XExKLJBAczGMnSi3It14OiNCStjQjM6NU1okjQGSxgEZN8eBYKg==

mongodb-connection-string-url@^3.0.0:
  version "3.0.2"
  resolved "https://registry.npmmirror.com/mongodb-connection-string-url/-/mongodb-connection-string-url-3.0.2.tgz"
  integrity sha512-rMO7CGo/9BFwyZABcKAWL8UJwH/Kc2x0g72uhDWzG48URRax5TCIcJ7Rc3RZqffZzO/Gwff/jyKwCU9TN8gehA==
  dependencies:
    "@types/whatwg-url" "^11.0.2"
    whatwg-url "^14.1.0 || ^13.0.0"

mongodb@^6.14.2:
  version "6.17.0"
  resolved "https://registry.npmmirror.com/mongodb/-/mongodb-6.17.0.tgz"
  integrity sha512-neerUzg/8U26cgruLysKEjJvoNSXhyID3RvzvdcpsIi2COYM3FS3o9nlH7fxFtefTb942dX3W9i37oPfCVj4wA==
  dependencies:
    "@mongodb-js/saslprep" "^1.1.9"
    bson "^6.10.4"
    mongodb-connection-string-url "^3.0.0"

punycode@^2.3.1:
  version "2.3.1"
  resolved "https://registry.npmmirror.com/punycode/-/punycode-2.3.1.tgz"
  integrity sha512-vYt7UD1U9Wg6138shLtLOvdAu+8DsC/ilFtEVHcH+wydcSpNE20AfSOduf6MkRFahL5FY7X1oU7nKVZFtfq8Fg==

sparse-bitfield@^3.0.3:
  version "3.0.3"
  resolved "https://registry.npmmirror.com/sparse-bitfield/-/sparse-bitfield-3.0.3.tgz"
  integrity sha512-kvzhi7vqKTfkh0PZU+2D2PIllw2ymqJKujUcyPMd9Y75Nv4nPbGJZXNhxsgdQab2BmlDct1YnfQCguEvHr7VsQ==
  dependencies:
    memory-pager "^1.0.2"

tr46@^5.0.0:
  version "5.0.0"
  resolved "https://registry.npmmirror.com/tr46/-/tr46-5.0.0.tgz"
  integrity sha512-tk2G5R2KRwBd+ZN0zaEXpmzdKyOYksXwywulIX95MBODjSzMIuQnQ3m8JxgbhnL1LeVo7lqQKsYa1O3Htl7K5g==
  dependencies:
    punycode "^2.3.1"

webidl-conversions@^7.0.0:
  version "7.0.0"
  resolved "https://registry.npmmirror.com/webidl-conversions/-/webidl-conversions-7.0.0.tgz"
  integrity sha512-VwddBukDzu71offAQR975unBIGqfKZpM+8ZX6ySk8nYhVoo5CYaZyzt3YBvYtRtO+aoGlqxPg/B87NGVZ/fu6g==

"whatwg-url@^14.1.0 || ^13.0.0":
  version "14.1.1"
  resolved "https://registry.npmmirror.com/whatwg-url/-/whatwg-url-14.1.1.tgz"
  integrity sha512-mDGf9diDad/giZ/Sm9Xi2YcyzaFpbdLpJPr+E9fSkyQ7KpQD4SdFcugkRQYzhmfI4KeV4Qpnn2sKPdo+kmsgRQ==
  dependencies:
    tr46 "^5.0.0"
    webidl-conversions "^7.0.0"
