# THIS IS AN AUTOGENERATED FILE. DO NOT EDIT THIS FILE DIRECTLY.
# yarn lockfile v1


"@mongodb-js/saslprep@^1.1.9":
  version "1.2.0"
  resolved "https://registry.npmmirror.com/@mongodb-js/saslprep/-/saslprep-1.2.0.tgz#4373d7a87660ea44a0a7a461ff6d8bc832733a4b"
  integrity sha512-+ywrb0AqkfaYuhHs6LxKWgqbh3I72EpEgESCw37o+9qPx9WTCkgDm2B+eMrwehGtHBWHFU4GXvnSCNiFhhausg==
  dependencies:
    sparse-bitfield "^3.0.3"

"@types/webidl-conversions@*":
  version "7.0.3"
  resolved "https://registry.npmmirror.com/@types/webidl-conversions/-/webidl-conversions-7.0.3.tgz#1306dbfa53768bcbcfc95a1c8cde367975581859"
  integrity sha512-CiJJvcRtIgzadHCYXw7dqEnMNRjhGZlYK05Mj9OyktqV8uVT8fD2BFOB7S1uwBE3Kj2Z+4UyPmFw/Ixgw/LAlA==

"@types/whatwg-url@^11.0.2":
  version "11.0.5"
  resolved "https://registry.npmmirror.com/@types/whatwg-url/-/whatwg-url-11.0.5.tgz#aaa2546e60f0c99209ca13360c32c78caf2c409f"
  integrity sha512-coYR071JRaHa+xoEvvYqvnIHaVqaYrLPbsufM9BF63HkwI5Lgmy2QR8Q5K/lYDYo5AK82wOvSOS0UsLTpTG7uQ==
  dependencies:
    "@types/webidl-conversions" "*"

bson@^6.10.3:
  version "6.10.3"
  resolved "https://registry.npmmirror.com/bson/-/bson-6.10.3.tgz#5f9a463af6b83e264bedd08b236d1356a30eda47"
  integrity sha512-MTxGsqgYTwfshYWTRdmZRC+M7FnG1b4y7RO7p2k3X24Wq0yv1m77Wsj0BzlPzd/IowgESfsruQCUToa7vbOpPQ==

memory-pager@^1.0.2:
  version "1.5.0"
  resolved "https://registry.npmmirror.com/memory-pager/-/memory-pager-1.5.0.tgz#d8751655d22d384682741c972f2c3d6dfa3e66b5"
  integrity sha512-ZS4Bp4r/Zoeq6+NLJpP+0Zzm0pR8whtGPf1XExKLJBAczGMnSi3It14OiNCStjQjM6NU1okjQGSxgEZN8eBYKg==

mongodb-connection-string-url@^3.0.0:
  version "3.0.2"
  resolved "https://registry.npmmirror.com/mongodb-connection-string-url/-/mongodb-connection-string-url-3.0.2.tgz#e223089dfa0a5fa9bf505f8aedcbc67b077b33e7"
  integrity sha512-rMO7CGo/9BFwyZABcKAWL8UJwH/Kc2x0g72uhDWzG48URRax5TCIcJ7Rc3RZqffZzO/Gwff/jyKwCU9TN8gehA==
  dependencies:
    "@types/whatwg-url" "^11.0.2"
    whatwg-url "^14.1.0 || ^13.0.0"

mongodb@^6.14.2:
  version "6.14.2"
  resolved "https://registry.npmmirror.com/mongodb/-/mongodb-6.14.2.tgz#56533105e62ce795cd10a205a6374ecd8d58ad49"
  integrity sha512-kMEHNo0F3P6QKDq17zcDuPeaywK/YaJVCEQRzPF3TOM/Bl9MFg64YE5Tu7ifj37qZJMhwU1tl2Ioivws5gRG5Q==
  dependencies:
    "@mongodb-js/saslprep" "^1.1.9"
    bson "^6.10.3"
    mongodb-connection-string-url "^3.0.0"

punycode@^2.3.1:
  version "2.3.1"
  resolved "https://registry.npmmirror.com/punycode/-/punycode-2.3.1.tgz#027422e2faec0b25e1549c3e1bd8309b9133b6e5"
  integrity sha512-vYt7UD1U9Wg6138shLtLOvdAu+8DsC/ilFtEVHcH+wydcSpNE20AfSOduf6MkRFahL5FY7X1oU7nKVZFtfq8Fg==

sparse-bitfield@^3.0.3:
  version "3.0.3"
  resolved "https://registry.npmmirror.com/sparse-bitfield/-/sparse-bitfield-3.0.3.tgz#ff4ae6e68656056ba4b3e792ab3334d38273ca11"
  integrity sha512-kvzhi7vqKTfkh0PZU+2D2PIllw2ymqJKujUcyPMd9Y75Nv4nPbGJZXNhxsgdQab2BmlDct1YnfQCguEvHr7VsQ==
  dependencies:
    memory-pager "^1.0.2"

tr46@^5.0.0:
  version "5.0.0"
  resolved "https://registry.npmmirror.com/tr46/-/tr46-5.0.0.tgz#3b46d583613ec7283020d79019f1335723801cec"
  integrity sha512-tk2G5R2KRwBd+ZN0zaEXpmzdKyOYksXwywulIX95MBODjSzMIuQnQ3m8JxgbhnL1LeVo7lqQKsYa1O3Htl7K5g==
  dependencies:
    punycode "^2.3.1"

webidl-conversions@^7.0.0:
  version "7.0.0"
  resolved "https://registry.npmmirror.com/webidl-conversions/-/webidl-conversions-7.0.0.tgz#256b4e1882be7debbf01d05f0aa2039778ea080a"
  integrity sha512-VwddBukDzu71offAQR975unBIGqfKZpM+8ZX6ySk8nYhVoo5CYaZyzt3YBvYtRtO+aoGlqxPg/B87NGVZ/fu6g==

"whatwg-url@^14.1.0 || ^13.0.0":
  version "14.1.1"
  resolved "https://registry.npmmirror.com/whatwg-url/-/whatwg-url-14.1.1.tgz#ce71e240c61541315833b5cdafd139a479e47058"
  integrity sha512-mDGf9diDad/giZ/Sm9Xi2YcyzaFpbdLpJPr+E9fSkyQ7KpQD4SdFcugkRQYzhmfI4KeV4Qpnn2sKPdo+kmsgRQ==
  dependencies:
    tr46 "^5.0.0"
    webidl-conversions "^7.0.0"
