# THIS IS AN AUTOGENERATED FILE. DO NOT EDIT THIS FILE DIRECTLY.
# yarn lockfile v1


nodemailer@^7.0.4:
  version "7.0.4"
  resolved "https://registry.npmjs.org/nodemailer/-/nodemailer-7.0.4.tgz#1204ca673026e93155d4a46eaa7c498a30fdd72a"
  integrity sha512-9O00Vh89/Ld2EcVCqJ/etd7u20UhME0f/NToPfArwPEe1Don1zy4mAIz6ariRr7mJ2RDxtaDzN0WJVdVXPtZaw==
